# This file is autogenerated, do not edit; changes may be undone by the next 'dep ensure'.


[[projects]]
  digest = "1:aacef5f5e45685f2aeda5534d0a750dee6859de7e9088cdd06192787bb01ae6d"
  name = "github.com/go-errors/errors"
  packages = ["."]
  pruneopts = "UT"
  revision = "a6af135bd4e28680facf08a3d206b454abc877a4"
  version = "v1.0.1"

[[projects]]
  branch = "master"
  digest = "1:562fc7c45fb24cd6519f945e4a9a626455c871853ad0cb009908cf4269f9375a"
  name = "github.com/lock-free/goaio"
  packages = ["."]
  pruneopts = "UT"
  revision = "9d53a70585c6663b54f9ce6dfbfce7259ad09e25"

[[projects]]
  branch = "master"
  digest = "1:65264f842ddf245067a9c31e3b1e1d5bcd9e75e5b027ce168d979a5e0d85fd4a"
  name = "github.com/lock-free/goklog"
  packages = ["."]
  pruneopts = "UT"
  revision = "ee6028c56a50021f7683c0d721d4775459c7aeed"

[[projects]]
  branch = "master"
  digest = "1:3fcb1ee797279c52137484ade5321003b2e362a9c5ef86c197e3deb9882b0504"
  name = "github.com/lock-free/gopcp"
  packages = ["."]
  pruneopts = "UT"
  revision = "f39bb882c4f98e56afe0c75ba2f0eca4f89869e8"

[[projects]]
  branch = "master"
  digest = "1:8ed2836c27dca9d8fc626ee9b9daf9ced6f99f06e901f73dc4f3d0a38db39a59"
  name = "github.com/lock-free/gopcp_rpc"
  packages = ["."]
  pruneopts = "UT"
  revision = "7d0925f6c026103d18932a1527842fb894b15b07"

[[projects]]
  branch = "master"
  digest = "1:874dcd3e0f61dffb8a5c29dd16fd9641b135075ee5812db8984587e8e2773fb8"
  name = "github.com/lock-free/gopcp_stream"
  packages = ["."]
  pruneopts = "UT"
  revision = "eae38c487ee2249f783756e1975edc9f7ed8c4b6"

[[projects]]
  branch = "master"
  digest = "1:9d0f1d5239e82b93dbed4775577e17e45de497982ebe5b6eb0dea1b6c108b04d"
  name = "github.com/lock-free/gopool"
  packages = ["."]
  pruneopts = "UT"
  revision = "329206275cf067eb4e3d868d29b8948dbdc88879"

[[projects]]
  branch = "master"
  digest = "1:8db515cc886b0d215fcc4377d545a5c623538294fdaa4792ed1178de2967ea3d"
  name = "github.com/lock-free/obrero"
  packages = [
    ".",
    "mids",
    "napool",
    "utils",
  ]
  pruneopts = "UT"
  revision = "dabf31f37e3197c7c2a8b041e02949d9411d82d0"

[[projects]]
  digest = "1:274f67cb6fed9588ea2521ecdac05a6d62a8c51c074c1fccc6a49a40ba80e925"
  name = "github.com/satori/go.uuid"
  packages = ["."]
  pruneopts = "UT"
  revision = "f58768cc1a7a7e77a3bd49e98cdd21419399b6a3"
  version = "v1.2.0"

[solve-meta]
  analyzer-name = "dep"
  analyzer-version = 1
  input-imports = [
    "github.com/lock-free/gopcp",
    "github.com/lock-free/gopcp_stream",
    "github.com/lock-free/obrero",
    "github.com/lock-free/obrero/mids",
    "github.com/lock-free/obrero/napool",
    "github.com/lock-free/obrero/utils",
  ]
  solver-name = "gps-cdcl"
  solver-version = 1
