# This file is autogenerated, do not edit; changes may be undone by the next 'dep ensure'.


[[projects]]
  branch = "master"
  digest = "1:69bb7d220d76fac53478aa9a4ccb38ec5cf4b4d49739046d533d354bebcb2132"
  name = "github.com/LoveKino/db_obrero"
  packages = ["db"]
  pruneopts = "UT"
  revision = "109ca79d0589a4db0aa16aa3fbe37dc5958d8cee"

[[projects]]
  digest = "1:ec6f9bf5e274c833c911923c9193867f3f18788c461f76f05f62bb1510e0ae65"
  name = "github.com/go-sql-driver/mysql"
  packages = ["."]
  pruneopts = "UT"
  revision = "72cd26f257d44c1114970e19afddcd812016007e"
  version = "v1.4.1"

[[projects]]
  digest = "1:586ea76dbd0374d6fb649a91d70d652b7fe0ccffb8910a77468e7702e7901f3d"
  name = "github.com/go-stack/stack"
  packages = ["."]
  pruneopts = "UT"
  revision = "2fee6af1a9795aafbe0253a0cfbdf668e1fb8a9a"
  version = "v1.8.0"

[[projects]]
  branch = "master"
  digest = "1:700b1e527116332847452edf9febc0c252c026785a8c3cfa3f68a8eeffb09ee8"
  name = "github.com/golang/snappy"
  packages = ["."]
  pruneopts = "UT"
  revision = "ff6b7dc882cf4cfba7ee0b9f7dcc1ac096c554aa"

[[projects]]
  branch = "master"
  digest = "1:562fc7c45fb24cd6519f945e4a9a626455c871853ad0cb009908cf4269f9375a"
  name = "github.com/lock-free/goaio"
  packages = ["."]
  pruneopts = "UT"
  revision = "9d53a70585c6663b54f9ce6dfbfce7259ad09e25"

[[projects]]
  branch = "master"
  digest = "1:3fcb1ee797279c52137484ade5321003b2e362a9c5ef86c197e3deb9882b0504"
  name = "github.com/lock-free/gopcp"
  packages = ["."]
  pruneopts = "UT"
  revision = "f39bb882c4f98e56afe0c75ba2f0eca4f89869e8"

[[projects]]
  branch = "master"
  digest = "1:8ed2836c27dca9d8fc626ee9b9daf9ced6f99f06e901f73dc4f3d0a38db39a59"
  name = "github.com/lock-free/gopcp_rpc"
  packages = ["."]
  pruneopts = "UT"
  revision = "7d0925f6c026103d18932a1527842fb894b15b07"

[[projects]]
  branch = "master"
  digest = "1:874dcd3e0f61dffb8a5c29dd16fd9641b135075ee5812db8984587e8e2773fb8"
  name = "github.com/lock-free/gopcp_stream"
  packages = ["."]
  pruneopts = "UT"
  revision = "eae38c487ee2249f783756e1975edc9f7ed8c4b6"

[[projects]]
  branch = "master"
  digest = "1:9d0f1d5239e82b93dbed4775577e17e45de497982ebe5b6eb0dea1b6c108b04d"
  name = "github.com/lock-free/gopool"
  packages = ["."]
  pruneopts = "UT"
  revision = "329206275cf067eb4e3d868d29b8948dbdc88879"

[[projects]]
  branch = "master"
  digest = "1:a5fbb7d090e4c486827f695c367ce2d69b6e243196f3b07deb2ee3d882618b4b"
  name = "github.com/lock-free/obrero"
  packages = [
    ".",
    "napool",
    "utils",
  ]
  pruneopts = "UT"
  revision = "dabf31f37e3197c7c2a8b041e02949d9411d82d0"

[[projects]]
  digest = "1:274f67cb6fed9588ea2521ecdac05a6d62a8c51c074c1fccc6a49a40ba80e925"
  name = "github.com/satori/go.uuid"
  packages = ["."]
  pruneopts = "UT"
  revision = "f58768cc1a7a7e77a3bd49e98cdd21419399b6a3"
  version = "v1.2.0"

[[projects]]
  branch = "master"
  digest = "1:40fdfd6ab85ca32b6935853bbba35935dcb1d796c8135efd85947566c76e662e"
  name = "github.com/xdg/scram"
  packages = ["."]
  pruneopts = "UT"
  revision = "7eeb5667e42c09cb51bf7b7c28aea8c56767da90"

[[projects]]
  branch = "master"
  digest = "1:f5c1d04bc09c644c592b45b9f0bad4030521b1a7d11c7dadbb272d9439fa6e8e"
  name = "github.com/xdg/stringprep"
  packages = ["."]
  pruneopts = "UT"
  revision = "73f8eece6fdcd902c185bf651de50f3828bed5ed"

[[projects]]
  digest = "1:480e1343dcb5630d200dd23a08d3d81f76c7f938780cb616113c96d90aa37c9b"
  name = "go.mongodb.org/mongo-driver"
  packages = [
    "bson",
    "bson/bsoncodec",
    "bson/bsonrw",
    "bson/bsontype",
    "bson/primitive",
    "event",
    "internal",
    "mongo",
    "mongo/options",
    "mongo/readconcern",
    "mongo/readpref",
    "mongo/writeconcern",
    "tag",
    "version",
    "x/bsonx",
    "x/bsonx/bsoncore",
    "x/mongo/driver",
    "x/mongo/driver/address",
    "x/mongo/driver/auth",
    "x/mongo/driver/auth/internal/gssapi",
    "x/mongo/driver/connstring",
    "x/mongo/driver/description",
    "x/mongo/driver/dns",
    "x/mongo/driver/operation",
    "x/mongo/driver/session",
    "x/mongo/driver/topology",
    "x/mongo/driver/uuid",
    "x/mongo/driver/wiremessage",
  ]
  pruneopts = "UT"
  revision = "c520d023af0a89aec8b7f97717b52da270df2c38"
  version = "v1.1.1"

[[projects]]
  branch = "master"
  digest = "1:f92f6956e4059f6a3efc14924d2dd58ba90da25cc57fe07ae3779ef2f5e0c5f2"
  name = "golang.org/x/crypto"
  packages = ["pbkdf2"]
  pruneopts = "UT"
  revision = "227b76d455e791cb042b03e633e2f7fbcfdf74a5"

[[projects]]
  branch = "master"
  digest = "1:382bb5a7fb4034db3b6a2d19e5a4a6bcf52f4750530603c01ca18a172fa3089b"
  name = "golang.org/x/sync"
  packages = ["semaphore"]
  pruneopts = "UT"
  revision = "cd5d95a43a6e21273425c7ae415d3df9ea832eeb"

[[projects]]
  digest = "1:1093f2eb4b344996604f7d8b29a16c5b22ab9e1b25652140d3fede39f640d5cd"
  name = "golang.org/x/text"
  packages = [
    "internal/gen",
    "internal/triegen",
    "internal/ucd",
    "transform",
    "unicode/cldr",
    "unicode/norm",
  ]
  pruneopts = "UT"
  revision = "342b2e1fbaa52c93f31447ad2c6abc048c63e475"
  version = "v0.3.2"

[[projects]]
  digest = "1:c25289f43ac4a68d88b02245742347c94f1e108c534dda442188015ff80669b3"
  name = "google.golang.org/appengine"
  packages = ["cloudsql"]
  pruneopts = "UT"
  revision = "c71d63e301d75423acb410203c747cad31e9a5e7"
  version = "v1.6.3"

[solve-meta]
  analyzer-name = "dep"
  analyzer-version = 1
  input-imports = [
    "github.com/LoveKino/db_obrero/db",
    "github.com/lock-free/gopcp",
    "github.com/lock-free/gopcp_stream",
    "github.com/lock-free/obrero",
    "github.com/lock-free/obrero/napool",
    "github.com/lock-free/obrero/utils",
  ]
  solver-name = "gps-cdcl"
  solver-version = 1
